
Microsoft Visual Studio Solution File, Format Version 12.00
# Visual Studio 15
VisualStudioVersion = 15.0.27428.2043
MinimumVisualStudioVersion = 10.0.40219.1
Project("{FAE04EC0-301F-11D3-BF4B-00C04F79EFBC}") = "Proje_filmolog", "Proje_filmolog\Proje_filmolog.csproj", "{E195815D-C1D8-4346-9ECE-D9A77E4E63BF}"
EndProject
Global
	GlobalSection(SolutionConfigurationPlatforms) = preSolution
		Debug|Any CPU = Debug|Any CPU
		Release|Any CPU = Release|Any CPU
	EndGlobalSection
	GlobalSection(ProjectConfigurationPlatforms) = postSolution
		{E195815D-C1D8-4346-9ECE-D9A77E4E63BF}.Debug|Any CPU.ActiveCfg = Debug|Any CPU
		{E195815D-C1D8-4346-9ECE-D9A77E4E63BF}.Debug|Any CPU.Build.0 = Debug|Any CPU
		{E195815D-C1D8-4346-9ECE-D9A77E4E63BF}.Release|Any CPU.ActiveCfg = Release|Any CPU
		{E195815D-C1D8-4346-9ECE-D9A77E4E63BF}.Release|Any CPU.Build.0 = Release|Any CPU
	EndGlobalSection
	GlobalSection(SolutionProperties) = preSolution
		HideSolutionNode = FALSE
	EndGlobalSection
	GlobalSection(ExtensibilityGlobals) = postSolution
		SolutionGuid = {A5899087-6DBB-4CC1-AC54-1040DE2F9C52}
	EndGlobalSection
EndGlobal
